
Microsoft Visual Studio Solution File, Format Version 12.00
# Visual Studio Version 17
VisualStudioVersion = 17.2.32616.157
MinimumVisualStudioVersion = 10.0.40219.1
Project("{FAE04EC0-301F-11D3-BF4B-00C04F79EFBC}") = "Modificadores", "..\Modificadores\Modificadores.csproj", "{95A1673B-AE9E-416C-A080-82A8DCDCA37B}"
EndProject
Global
	GlobalSection(SolutionConfigurationPlatforms) = preSolution
		Debug|Any CPU = Debug|Any CPU
		Release|Any CPU = Release|Any CPU
	EndGlobalSection
	GlobalSection(ProjectConfigurationPlatforms) = postSolution
		{95A1673B-AE9E-416C-A080-82A8DCDCA37B}.Debug|Any CPU.ActiveCfg = Debug|Any CPU
		{95A1673B-AE9E-416C-A080-82A8DCDCA37B}.Debug|Any CPU.Build.0 = Debug|Any CPU
		{95A1673B-AE9E-416C-A080-82A8DCDCA37B}.Release|Any CPU.ActiveCfg = Release|Any CPU
		{95A1673B-AE9E-416C-A080-82A8DCDCA37B}.Release|Any CPU.Build.0 = Release|Any CPU
	EndGlobalSection
	GlobalSection(SolutionProperties) = preSolution
		HideSolutionNode = FALSE
	EndGlobalSection
	GlobalSection(ExtensibilityGlobals) = postSolution
		SolutionGuid = {FD5893B0-F70A-48DB-A967-754B7807662F}
	EndGlobalSection
EndGlobal
