
Microsoft Visual Studio Solution File, Format Version 12.00
# Visual Studio Version 17
VisualStudioVersion = 17.2.32616.157
MinimumVisualStudioVersion = 10.0.40219.1
Project("{FAE04EC0-301F-11D3-BF4B-00C04F79EFBC}") = "EntradaSaidaDados", "EntradaSaidaDados\EntradaSaidaDados.csproj", "{858D9F26-E480-4D3F-90D5-68E136CFA9F2}"
EndProject
Global
	GlobalSection(SolutionConfigurationPlatforms) = preSolution
		Debug|Any CPU = Debug|Any CPU
		Release|Any CPU = Release|Any CPU
	EndGlobalSection
	GlobalSection(ProjectConfigurationPlatforms) = postSolution
		{858D9F26-E480-4D3F-90D5-68E136CFA9F2}.Debug|Any CPU.ActiveCfg = Debug|Any CPU
		{858D9F26-E480-4D3F-90D5-68E136CFA9F2}.Debug|Any CPU.Build.0 = Debug|Any CPU
		{858D9F26-E480-4D3F-90D5-68E136CFA9F2}.Release|Any CPU.ActiveCfg = Release|Any CPU
		{858D9F26-E480-4D3F-90D5-68E136CFA9F2}.Release|Any CPU.Build.0 = Release|Any CPU
	EndGlobalSection
	GlobalSection(SolutionProperties) = preSolution
		HideSolutionNode = FALSE
	EndGlobalSection
	GlobalSection(ExtensibilityGlobals) = postSolution
		SolutionGuid = {0915FBFD-2A7C-43CE-9355-FF3DBFA46C9D}
	EndGlobalSection
EndGlobal
