
Microsoft Visual Studio Solution File, Format Version 12.00
# Visual Studio Version 17
VisualStudioVersion = 17.2.32616.157
MinimumVisualStudioVersion = 10.0.40219.1
Project("{FAE04EC0-301F-11D3-BF4B-00C04F79EFBC}") = "TermoThis", "TermoThis\TermoThis.csproj", "{DB63E543-0AA4-4FB1-8F78-5475B4EEA702}"
EndProject
Global
	GlobalSection(SolutionConfigurationPlatforms) = preSolution
		Debug|Any CPU = Debug|Any CPU
		Release|Any CPU = Release|Any CPU
	EndGlobalSection
	GlobalSection(ProjectConfigurationPlatforms) = postSolution
		{DB63E543-0AA4-4FB1-8F78-5475B4EEA702}.Debug|Any CPU.ActiveCfg = Debug|Any CPU
		{DB63E543-0AA4-4FB1-8F78-5475B4EEA702}.Debug|Any CPU.Build.0 = Debug|Any CPU
		{DB63E543-0AA4-4FB1-8F78-5475B4EEA702}.Release|Any CPU.ActiveCfg = Release|Any CPU
		{DB63E543-0AA4-4FB1-8F78-5475B4EEA702}.Release|Any CPU.Build.0 = Release|Any CPU
	EndGlobalSection
	GlobalSection(SolutionProperties) = preSolution
		HideSolutionNode = FALSE
	EndGlobalSection
	GlobalSection(ExtensibilityGlobals) = postSolution
		SolutionGuid = {22ED588E-824A-4990-9315-97E1B80DF3C9}
	EndGlobalSection
EndGlobal
