
Microsoft Visual Studio Solution File, Format Version 12.00
# Visual Studio Version 17
VisualStudioVersion = 17.2.32616.157
MinimumVisualStudioVersion = 10.0.40219.1
Project("{FAE04EC0-301F-11D3-BF4B-00C04F79EFBC}") = "Propriedades", "Propriedades.csproj", "{BB123DF4-5FF4-49CE-BBB8-34531AAB8478}"
EndProject
Global
	GlobalSection(SolutionConfigurationPlatforms) = preSolution
		Debug|Any CPU = Debug|Any CPU
		Release|Any CPU = Release|Any CPU
	EndGlobalSection
	GlobalSection(ProjectConfigurationPlatforms) = postSolution
		{BB123DF4-5FF4-49CE-BBB8-34531AAB8478}.Debug|Any CPU.ActiveCfg = Debug|Any CPU
		{BB123DF4-5FF4-49CE-BBB8-34531AAB8478}.Debug|Any CPU.Build.0 = Debug|Any CPU
		{BB123DF4-5FF4-49CE-BBB8-34531AAB8478}.Release|Any CPU.ActiveCfg = Release|Any CPU
		{BB123DF4-5FF4-49CE-BBB8-34531AAB8478}.Release|Any CPU.Build.0 = Release|Any CPU
	EndGlobalSection
	GlobalSection(SolutionProperties) = preSolution
		HideSolutionNode = FALSE
	EndGlobalSection
	GlobalSection(ExtensibilityGlobals) = postSolution
		SolutionGuid = {59F16796-54F5-4CA4-8827-63987423E212}
	EndGlobalSection
EndGlobal
